
Microsoft Visual Studio Solution File, Format Version 12.00
# Visual Studio Version 16
VisualStudioVersion = 16.0.30804.86
MinimumVisualStudioVersion = 10.0.40219.1
Project("{FAE04EC0-301F-11D3-BF4B-00C04F79EFBC}") = "CotacaoDolarHG", "CotacaoDolarHG\CotacaoDolarHG.csproj", "{A496F7DD-18E1-4CD1-8BBD-A6E109CB1185}"
EndProject
Global
	GlobalSection(SolutionConfigurationPlatforms) = preSolution
		Debug|Any CPU = Debug|Any CPU
		Release|Any CPU = Release|Any CPU
	EndGlobalSection
	GlobalSection(ProjectConfigurationPlatforms) = postSolution
		{A496F7DD-18E1-4CD1-8BBD-A6E109CB1185}.Debug|Any CPU.ActiveCfg = Debug|Any CPU
		{A496F7DD-18E1-4CD1-8BBD-A6E109CB1185}.Debug|Any CPU.Build.0 = Debug|Any CPU
		{A496F7DD-18E1-4CD1-8BBD-A6E109CB1185}.Release|Any CPU.ActiveCfg = Release|Any CPU
		{A496F7DD-18E1-4CD1-8BBD-A6E109CB1185}.Release|Any CPU.Build.0 = Release|Any CPU
	EndGlobalSection
	GlobalSection(SolutionProperties) = preSolution
		HideSolutionNode = FALSE
	EndGlobalSection
	GlobalSection(ExtensibilityGlobals) = postSolution
		SolutionGuid = {49DD6717-7160-4F8E-BDC8-299B76F30C55}
	EndGlobalSection
EndGlobal
